
Microsoft Visual Studio Solution File, Format Version 12.00
# Visual Studio Version 17
VisualStudioVersion = 17.1.32407.343
MinimumVisualStudioVersion = 10.0.40219.1
Project("{FAE04EC0-301F-11D3-BF4B-00C04F79EFBC}") = "API", "API\API.csproj", "{3C60B458-DE80-4112-AF93-BE85ED7740CC}"
EndProject
Project("{FAE04EC0-301F-11D3-BF4B-00C04F79EFBC}") = "Core", "Core\Core.csproj", "{8480B769-E07A-469D-916B-0BA598F34626}"
EndProject
Project("{FAE04EC0-301F-11D3-BF4B-00C04F79EFBC}") = "Models", "Models\Models.csproj", "{C445F187-12BC-4134-B244-24A1B78ADAC2}"
EndProject
Project("{FAE04EC0-301F-11D3-BF4B-00C04F79EFBC}") = "Migrations", "Migrations\Migrations.csproj", "{6DAFB5AF-4F35-465A-B6CE-20788D103928}"
EndProject
Project("{FAE04EC0-301F-11D3-BF4B-00C04F79EFBC}") = "Repository", "Repository\Repository.csproj", "{1C5BFD48-9789-42A8-8762-B17C72CD5B8B}"
EndProject
Project("{FAE04EC0-301F-11D3-BF4B-00C04F79EFBC}") = "Services", "Services\Services.csproj", "{071B46CF-4E22-46FC-BBD9-81978EE48029}"
EndProject
Global
	GlobalSection(SolutionConfigurationPlatforms) = preSolution
		Debug|Any CPU = Debug|Any CPU
		Release|Any CPU = Release|Any CPU
	EndGlobalSection
	GlobalSection(ProjectConfigurationPlatforms) = postSolution
		{3C60B458-DE80-4112-AF93-BE85ED7740CC}.Debug|Any CPU.ActiveCfg = Debug|Any CPU
		{3C60B458-DE80-4112-AF93-BE85ED7740CC}.Debug|Any CPU.Build.0 = Debug|Any CPU
		{3C60B458-DE80-4112-AF93-BE85ED7740CC}.Release|Any CPU.ActiveCfg = Release|Any CPU
		{3C60B458-DE80-4112-AF93-BE85ED7740CC}.Release|Any CPU.Build.0 = Release|Any CPU
		{8480B769-E07A-469D-916B-0BA598F34626}.Debug|Any CPU.ActiveCfg = Debug|Any CPU
		{8480B769-E07A-469D-916B-0BA598F34626}.Debug|Any CPU.Build.0 = Debug|Any CPU
		{8480B769-E07A-469D-916B-0BA598F34626}.Release|Any CPU.ActiveCfg = Release|Any CPU
		{8480B769-E07A-469D-916B-0BA598F34626}.Release|Any CPU.Build.0 = Release|Any CPU
		{C445F187-12BC-4134-B244-24A1B78ADAC2}.Debug|Any CPU.ActiveCfg = Debug|Any CPU
		{C445F187-12BC-4134-B244-24A1B78ADAC2}.Debug|Any CPU.Build.0 = Debug|Any CPU
		{C445F187-12BC-4134-B244-24A1B78ADAC2}.Release|Any CPU.ActiveCfg = Release|Any CPU
		{C445F187-12BC-4134-B244-24A1B78ADAC2}.Release|Any CPU.Build.0 = Release|Any CPU
		{6DAFB5AF-4F35-465A-B6CE-20788D103928}.Debug|Any CPU.ActiveCfg = Debug|Any CPU
		{6DAFB5AF-4F35-465A-B6CE-20788D103928}.Debug|Any CPU.Build.0 = Debug|Any CPU
		{6DAFB5AF-4F35-465A-B6CE-20788D103928}.Release|Any CPU.ActiveCfg = Release|Any CPU
		{6DAFB5AF-4F35-465A-B6CE-20788D103928}.Release|Any CPU.Build.0 = Release|Any CPU
		{1C5BFD48-9789-42A8-8762-B17C72CD5B8B}.Debug|Any CPU.ActiveCfg = Debug|Any CPU
		{1C5BFD48-9789-42A8-8762-B17C72CD5B8B}.Debug|Any CPU.Build.0 = Debug|Any CPU
		{1C5BFD48-9789-42A8-8762-B17C72CD5B8B}.Release|Any CPU.ActiveCfg = Release|Any CPU
		{1C5BFD48-9789-42A8-8762-B17C72CD5B8B}.Release|Any CPU.Build.0 = Release|Any CPU
		{071B46CF-4E22-46FC-BBD9-81978EE48029}.Debug|Any CPU.ActiveCfg = Debug|Any CPU
		{071B46CF-4E22-46FC-BBD9-81978EE48029}.Debug|Any CPU.Build.0 = Debug|Any CPU
		{071B46CF-4E22-46FC-BBD9-81978EE48029}.Release|Any CPU.ActiveCfg = Release|Any CPU
		{071B46CF-4E22-46FC-BBD9-81978EE48029}.Release|Any CPU.Build.0 = Release|Any CPU
	EndGlobalSection
	GlobalSection(SolutionProperties) = preSolution
		HideSolutionNode = FALSE
	EndGlobalSection
	GlobalSection(ExtensibilityGlobals) = postSolution
		SolutionGuid = {B8ACF26B-1616-4754-8CDF-6676367CE160}
	EndGlobalSection
EndGlobal
